// !$*UTF8*$!
{
	archiveVersion = 1;
	classes = {
	};
	objectVersion = 50;
	objects = {

/* Begin PBXBuildFile section */
		F054B26F275CF98300837CF7 /* VTxtRubyApp.swift in Sources */ = {isa = PBXBuildFile; fileRef = F054B26E275CF98300837CF7 /* VTxtRubyApp.swift */; };
		F054B271275CF98300837CF7 /* ContentView.swift in Sources */ = {isa = PBXBuildFile; fileRef = F054B270275CF98300837CF7 /* ContentView.swift */; };
		F054B273275CF98700837CF7 /* Assets.xcassets in Resources */ = {isa = PBXBuildFile; fileRef = F054B272275CF98700837CF7 /* Assets.xcassets */; };
		F054B276275CF98700837CF7 /* Preview Assets.xcassets in Resources */ = {isa = PBXBuildFile; fileRef = F054B275275CF98700837CF7 /* Preview Assets.xcassets */; };
		F054B284275CFA5A00837CF7 /* DrawPageView.swift in Sources */ = {isa = PBXBuildFile; fileRef = F054B27F275CFA5A00837CF7 /* DrawPageView.swift */; };
		F054B286275CFA5A00837CF7 /* Txt.swift in Sources */ = {isa = PBXBuildFile; fileRef = F054B281275CFA5A00837CF7 /* Txt.swift */; };
		F054B287275CFA5A00837CF7 /* Bopomofo.swift in Sources */ = {isa = PBXBuildFile; fileRef = F054B282275CFA5A00837CF7 /* Bopomofo.swift */; };
		F054B288275CFA5A00837CF7 /* Gesture+BookPageControl.swift in Sources */ = {isa = PBXBuildFile; fileRef = F054B283275CFA5A00837CF7 /* Gesture+BookPageControl.swift */; };
		F054B28C275D009900837CF7 /* Settings.swift in Sources */ = {isa = PBXBuildFile; fileRef = F054B28B275D009900837CF7 /* Settings.swift */; };
		F091D521275DC85D0039C269 /* MarkDownSimple.swift in Sources */ = {isa = PBXBuildFile; fileRef = F091D520275DC85D0039C269 /* MarkDownSimple.swift */; };
		F091D524275E2A3A0039C269 /* FontExten.swift in Sources */ = {isa = PBXBuildFile; fileRef = F091D523275E2A3A0039C269 /* FontExten.swift */; };
/* End PBXBuildFile section */

/* Begin PBXFileReference section */
		F054B26B275CF98300837CF7 /* VTxtRuby.app */ = {isa = PBXFileReference; explicitFileType = wrapper.application; includeInIndex = 0; path = VTxtRuby.app; sourceTree = BUILT_PRODUCTS_DIR; };
		F054B26E275CF98300837CF7 /* VTxtRubyApp.swift */ = {isa = PBXFileReference; lastKnownFileType = sourcecode.swift; path = VTxtRubyApp.swift; sourceTree = "<group>"; };
		F054B270275CF98300837CF7 /* ContentView.swift */ = {isa = PBXFileReference; lastKnownFileType = sourcecode.swift; path = ContentView.swift; sourceTree = "<group>"; };
		F054B272275CF98700837CF7 /* Assets.xcassets */ = {isa = PBXFileReference; lastKnownFileType = folder.assetcatalog; path = Assets.xcassets; sourceTree = "<group>"; };
		F054B275275CF98700837CF7 /* Preview Assets.xcassets */ = {isa = PBXFileReference; lastKnownFileType = folder.assetcatalog; path = "Preview Assets.xcassets"; sourceTree = "<group>"; };
		F054B277275CF98700837CF7 /* Info.plist */ = {isa = PBXFileReference; lastKnownFileType = text.plist.xml; path = Info.plist; sourceTree = "<group>"; };
		F054B27F275CFA5A00837CF7 /* DrawPageView.swift */ = {isa = PBXFileReference; fileEncoding = 4; lastKnownFileType = sourcecode.swift; path = DrawPageView.swift; sourceTree = "<group>"; };
		F054B281275CFA5A00837CF7 /* Txt.swift */ = {isa = PBXFileReference; fileEncoding = 4; lastKnownFileType = sourcecode.swift; path = Txt.swift; sourceTree = "<group>"; };
		F054B282275CFA5A00837CF7 /* Bopomofo.swift */ = {isa = PBXFileReference; fileEncoding = 4; lastKnownFileType = sourcecode.swift; path = Bopomofo.swift; sourceTree = "<group>"; };
		F054B283275CFA5A00837CF7 /* Gesture+BookPageControl.swift */ = {isa = PBXFileReference; fileEncoding = 4; lastKnownFileType = sourcecode.swift; path = "Gesture+BookPageControl.swift"; sourceTree = "<group>"; };
		F054B28B275D009900837CF7 /* Settings.swift */ = {isa = PBXFileReference; lastKnownFileType = sourcecode.swift; path = Settings.swift; sourceTree = "<group>"; };
		F091D520275DC85D0039C269 /* MarkDownSimple.swift */ = {isa = PBXFileReference; lastKnownFileType = sourcecode.swift; path = MarkDownSimple.swift; sourceTree = "<group>"; };
		F091D523275E2A3A0039C269 /* FontExten.swift */ = {isa = PBXFileReference; lastKnownFileType = sourcecode.swift; path = FontExten.swift; sourceTree = "<group>"; };
/* End PBXFileReference section */

/* Begin PBXFrameworksBuildPhase section */
		F054B268275CF98300837CF7 /* Frameworks */ = {
			isa = PBXFrameworksBuildPhase;
			buildActionMask = 2147483647;
			files = (
			);
			runOnlyForDeploymentPostprocessing = 0;
		};
/* End PBXFrameworksBuildPhase section */

/* Begin PBXGroup section */
		F054B262275CF98300837CF7 = {
			isa = PBXGroup;
			children = (
				F054B26D275CF98300837CF7 /* VTxtRuby */,
				F054B26C275CF98300837CF7 /* Products */,
			);
			sourceTree = "<group>";
		};
		F054B26C275CF98300837CF7 /* Products */ = {
			isa = PBXGroup;
			children = (
				F054B26B275CF98300837CF7 /* VTxtRuby.app */,
			);
			name = Products;
			sourceTree = "<group>";
		};
		F054B26D275CF98300837CF7 /* VTxtRuby */ = {
			isa = PBXGroup;
			children = (
				F054B26E275CF98300837CF7 /* VTxtRubyApp.swift */,
				F054B270275CF98300837CF7 /* ContentView.swift */,
				F054B272275CF98700837CF7 /* Assets.xcassets */,
				F054B282275CFA5A00837CF7 /* Bopomofo.swift */,
				F091D520275DC85D0039C269 /* MarkDownSimple.swift */,
				F054B27F275CFA5A00837CF7 /* DrawPageView.swift */,
				F054B28B275D009900837CF7 /* Settings.swift */,
				F091D523275E2A3A0039C269 /* FontExten.swift */,
				F054B283275CFA5A00837CF7 /* Gesture+BookPageControl.swift */,
				F054B281275CFA5A00837CF7 /* Txt.swift */,
				F054B277275CF98700837CF7 /* Info.plist */,
				F054B274275CF98700837CF7 /* Preview Content */,
			);
			path = VTxtRuby;
			sourceTree = "<group>";
		};
		F054B274275CF98700837CF7 /* Preview Content */ = {
			isa = PBXGroup;
			children = (
				F054B275275CF98700837CF7 /* Preview Assets.xcassets */,
			);
			path = "Preview Content";
			sourceTree = "<group>";
		};
/* End PBXGroup section */

/* Begin PBXNativeTarget section */
		F054B26A275CF98300837CF7 /* VTxtRuby */ = {
			isa = PBXNativeTarget;
			buildConfigurationList = F054B27A275CF98700837CF7 /* Build configuration list for PBXNativeTarget "VTxtRuby" */;
			buildPhases = (
				F054B267275CF98300837CF7 /* Sources */,
				F054B268275CF98300837CF7 /* Frameworks */,
				F054B269275CF98300837CF7 /* Resources */,
			);
			buildRules = (
			);
			dependencies = (
			);
			name = VTxtRuby;
			productName = VTxtRuby;
			productReference = F054B26B275CF98300837CF7 /* VTxtRuby.app */;
			productType = "com.apple.product-type.application";
		};
/* End PBXNativeTarget section */

/* Begin PBXProject section */
		F054B263275CF98300837CF7 /* Project object */ = {
			isa = PBXProject;
			attributes = {
				LastSwiftUpdateCheck = 1240;
				LastUpgradeCheck = 1240;
				TargetAttributes = {
					F054B26A275CF98300837CF7 = {
						CreatedOnToolsVersion = 12.4;
					};
				};
			};
			buildConfigurationList = F054B266275CF98300837CF7 /* Build configuration list for PBXProject "VTxtRuby" */;
			compatibilityVersion = "Xcode 9.3";
			developmentRegion = en;
			hasScannedForEncodings = 0;
			knownRegions = (
				en,
				Base,
			);
			mainGroup = F054B262275CF98300837CF7;
			productRefGroup = F054B26C275CF98300837CF7 /* Products */;
			projectDirPath = "";
			projectRoot = "";
			targets = (
				F054B26A275CF98300837CF7 /* VTxtRuby */,
			);
		};
/* End PBXProject section */

/* Begin PBXResourcesBuildPhase section */
		F054B269275CF98300837CF7 /* Resources */ = {
			isa = PBXResourcesBuildPhase;
			buildActionMask = 2147483647;
			files = (
				F054B276275CF98700837CF7 /* Preview Assets.xcassets in Resources */,
				F054B273275CF98700837CF7 /* Assets.xcassets in Resources */,
			);
			runOnlyForDeploymentPostprocessing = 0;
		};
/* End PBXResourcesBuildPhase section */

/* Begin PBXSourcesBuildPhase section */
		F054B267275CF98300837CF7 /* Sources */ = {
			isa = PBXSourcesBuildPhase;
			buildActionMask = 2147483647;
			files = (
				F091D524275E2A3A0039C269 /* FontExten.swift in Sources */,
				F054B284275CFA5A00837CF7 /* DrawPageView.swift in Sources */,
				F054B271275CF98300837CF7 /* ContentView.swift in Sources */,
				F054B28C275D009900837CF7 /* Settings.swift in Sources */,
				F054B286275CFA5A00837CF7 /* Txt.swift in Sources */,
				F091D521275DC85D0039C269 /* MarkDownSimple.swift in Sources */,
				F054B26F275CF98300837CF7 /* VTxtRubyApp.swift in Sources */,
				F054B287275CFA5A00837CF7 /* Bopomofo.swift in Sources */,
				F054B288275CFA5A00837CF7 /* Gesture+BookPageControl.swift in Sources */,
			);
			runOnlyForDeploymentPostprocessing = 0;
		};
/* End PBXSourcesBuildPhase section */

/* Begin XCBuildConfiguration section */
		F054B278275CF98700837CF7 /* Debug */ = {
			isa = XCBuildConfiguration;
			buildSettings = {
				ALWAYS_SEARCH_USER_PATHS = NO;
				CLANG_ANALYZER_NONNULL = YES;
				CLANG_ANALYZER_NUMBER_OBJECT_CONVERSION = YES_AGGRESSIVE;
				CLANG_CXX_LANGUAGE_STANDARD = "gnu++14";
				CLANG_CXX_LIBRARY = "libc++";
				CLANG_ENABLE_MODULES = YES;
				CLANG_ENABLE_OBJC_ARC = YES;
				CLANG_ENABLE_OBJC_WEAK = YES;
				CLANG_WARN_BLOCK_CAPTURE_AUTORELEASING = YES;
				CLANG_WARN_BOOL_CONVERSION = YES;
				CLANG_WARN_COMMA = YES;
				CLANG_WARN_CONSTANT_CONVERSION = YES;
				CLANG_WARN_DEPRECATED_OBJC_IMPLEMENTATIONS = YES;
				CLANG_WARN_DIRECT_OBJC_ISA_USAGE = YES_ERROR;
				CLANG_WARN_DOCUMENTATION_COMMENTS = YES;
				CLANG_WARN_EMPTY_BODY = YES;
				CLANG_WARN_ENUM_CONVERSION = YES;
				CLANG_WARN_INFINITE_RECURSION = YES;
				CLANG_WARN_INT_CONVERSION = YES;
				CLANG_WARN_NON_LITERAL_NULL_CONVERSION = YES;
				CLANG_WARN_OBJC_IMPLICIT_RETAIN_SELF = YES;
				CLANG_WARN_OBJC_LITERAL_CONVERSION = YES;
				CLANG_WARN_OBJC_ROOT_CLASS = YES_ERROR;
				CLANG_WARN_QUOTED_INCLUDE_IN_FRAMEWORK_HEADER = YES;
				CLANG_WARN_RANGE_LOOP_ANALYSIS = YES;
				CLANG_WARN_STRICT_PROTOTYPES = YES;
				CLANG_WARN_SUSPICIOUS_MOVE = YES;
				CLANG_WARN_UNGUARDED_AVAILABILITY = YES_AGGRESSIVE;
				CLANG_WARN_UNREACHABLE_CODE = YES;
				CLANG_WARN__DUPLICATE_METHOD_MATCH = YES;
				COPY_PHASE_STRIP = NO;
				DEBUG_INFORMATION_FORMAT = dwarf;
				ENABLE_STRICT_OBJC_MSGSEND = YES;
				ENABLE_TESTABILITY = YES;
				GCC_C_LANGUAGE_STANDARD = gnu11;
				GCC_DYNAMIC_NO_PIC = NO;
				GCC_NO_COMMON_BLOCKS = YES;
				GCC_OPTIMIZATION_LEVEL = 0;
				GCC_PREPROCESSOR_DEFINITIONS = (
					"DEBUG=1",
					"$(inherited)",
				);
				GCC_WARN_64_TO_32_BIT_CONVERSION = YES;
				GCC_WARN_ABOUT_RETURN_TYPE = YES_ERROR;
				GCC_WARN_UNDECLARED_SELECTOR = YES;
				GCC_WARN_UNINITIALIZED_AUTOS = YES_AGGRESSIVE;
				GCC_WARN_UNUSED_FUNCTION = YES;
				GCC_WARN_UNUSED_VARIABLE = YES;
				IPHONEOS_DEPLOYMENT_TARGET = 14.4;
				MTL_ENABLE_DEBUG_INFO = INCLUDE_SOURCE;
				MTL_FAST_MATH = YES;
				ONLY_ACTIVE_ARCH = YES;
				SDKROOT = iphoneos;
				SWIFT_ACTIVE_COMPILATION_CONDITIONS = DEBUG;
				SWIFT_OPTIMIZATION_LEVEL = "-Onone";
			};
			name = Debug;
		};
		F054B279275CF98700837CF7 /* Release */ = {
			isa = XCBuildConfiguration;
			buildSettings = {
				ALWAYS_SEARCH_USER_PATHS = NO;
				CLANG_ANALYZER_NONNULL = YES;
				CLANG_ANALYZER_NUMBER_OBJECT_CONVERSION = YES_AGGRESSIVE;
				CLANG_CXX_LANGUAGE_STANDARD = "gnu++14";
				CLANG_CXX_LIBRARY = "libc++";
				CLANG_ENABLE_MODULES = YES;
				CLANG_ENABLE_OBJC_ARC = YES;
				CLANG_ENABLE_OBJC_WEAK = YES;
				CLANG_WARN_BLOCK_CAPTURE_AUTORELEASING = YES;
				CLANG_WARN_BOOL_CONVERSION = YES;
				CLANG_WARN_COMMA = YES;
				CLANG_WARN_CONSTANT_CONVERSION = YES;
				CLANG_WARN_DEPRECATED_OBJC_IMPLEMENTATIONS = YES;
				CLANG_WARN_DIRECT_OBJC_ISA_USAGE = YES_ERROR;
				CLANG_WARN_DOCUMENTATION_COMMENTS = YES;
				CLANG_WARN_EMPTY_BODY = YES;
				CLANG_WARN_ENUM_CONVERSION = YES;
				CLANG_WARN_INFINITE_RECURSION = YES;
				CLANG_WARN_INT_CONVERSION = YES;
				CLANG_WARN_NON_LITERAL_NULL_CONVERSION = YES;
				CLANG_WARN_OBJC_IMPLICIT_RETAIN_SELF = YES;
				CLANG_WARN_OBJC_LITERAL_CONVERSION = YES;
				CLANG_WARN_OBJC_ROOT_CLASS = YES_ERROR;
				CLANG_WARN_QUOTED_INCLUDE_IN_FRAMEWORK_HEADER = YES;
				CLANG_WARN_RANGE_LOOP_ANALYSIS = YES;
				CLANG_WARN_STRICT_PROTOTYPES = YES;
				CLANG_WARN_SUSPICIOUS_MOVE = YES;
				CLANG_WARN_UNGUARDED_AVAILABILITY = YES_AGGRESSIVE;
				CLANG_WARN_UNREACHABLE_CODE = YES;
				CLANG_WARN__DUPLICATE_METHOD_MATCH = YES;
				COPY_PHASE_STRIP = NO;
				DEBUG_INFORMATION_FORMAT = "dwarf-with-dsym";
				ENABLE_NS_ASSERTIONS = NO;
				ENABLE_STRICT_OBJC_MSGSEND = YES;
				GCC_C_LANGUAGE_STANDARD = gnu11;
				GCC_NO_COMMON_BLOCKS = YES;
				GCC_WARN_64_TO_32_BIT_CONVERSION = YES;
				GCC_WARN_ABOUT_RETURN_TYPE = YES_ERROR;
				GCC_WARN_UNDECLARED_SELECTOR = YES;
				GCC_WARN_UNINITIALIZED_AUTOS = YES_AGGRESSIVE;
				GCC_WARN_UNUSED_FUNCTION = YES;
				GCC_WARN_UNUSED_VARIABLE = YES;
				IPHONEOS_DEPLOYMENT_TARGET = 14.4;
				MTL_ENABLE_DEBUG_INFO = NO;
				MTL_FAST_MATH = YES;
				SDKROOT = iphoneos;
				SWIFT_COMPILATION_MODE = wholemodule;
				SWIFT_OPTIMIZATION_LEVEL = "-O";
				VALIDATE_PRODUCT = YES;
			};
			name = Release;
		};
		F054B27B275CF98700837CF7 /* Debug */ = {
			isa = XCBuildConfiguration;
			buildSettings = {
				ASSETCATALOG_COMPILER_APPICON_NAME = AppIcon;
				ASSETCATALOG_COMPILER_GLOBAL_ACCENT_COLOR_NAME = AccentColor;
				CODE_SIGN_STYLE = Automatic;
				DEVELOPMENT_ASSET_PATHS = "\"VTxtRuby/Preview Content\"";
				DEVELOPMENT_TEAM = 5K24KB8A9J;
				ENABLE_PREVIEWS = YES;
				INFOPLIST_FILE = VTxtRuby/Info.plist;
				IPHONEOS_DEPLOYMENT_TARGET = 14.0;
				LD_RUNPATH_SEARCH_PATHS = (
					"$(inherited)",
					"@executable_path/Frameworks",
				);
				PRODUCT_BUNDLE_IDENTIFIER = Spuggy.VTxtRuby;
				PRODUCT_NAME = "$(TARGET_NAME)";
				SWIFT_VERSION = 5.0;
				TARGETED_DEVICE_FAMILY = "1,2";
			};
			name = Debug;
		};
		F054B27C275CF98700837CF7 /* Release */ = {
			isa = XCBuildConfiguration;
			buildSettings = {
				ASSETCATALOG_COMPILER_APPICON_NAME = AppIcon;
				ASSETCATALOG_COMPILER_GLOBAL_ACCENT_COLOR_NAME = AccentColor;
				CODE_SIGN_STYLE = Automatic;
				DEVELOPMENT_ASSET_PATHS = "\"VTxtRuby/Preview Content\"";
				DEVELOPMENT_TEAM = 5K24KB8A9J;
				ENABLE_PREVIEWS = YES;
				INFOPLIST_FILE = VTxtRuby/Info.plist;
				IPHONEOS_DEPLOYMENT_TARGET = 14.0;
				LD_RUNPATH_SEARCH_PATHS = (
					"$(inherited)",
					"@executable_path/Frameworks",
				);
				PRODUCT_BUNDLE_IDENTIFIER = Spuggy.VTxtRuby;
				PRODUCT_NAME = "$(TARGET_NAME)";
				SWIFT_VERSION = 5.0;
				TARGETED_DEVICE_FAMILY = "1,2";
			};
			name = Release;
		};
/* End XCBuildConfiguration section */

/* Begin XCConfigurationList section */
		F054B266275CF98300837CF7 /* Build configuration list for PBXProject "VTxtRuby" */ = {
			isa = XCConfigurationList;
			buildConfigurations = (
				F054B278275CF98700837CF7 /* Debug */,
				F054B279275CF98700837CF7 /* Release */,
			);
			defaultConfigurationIsVisible = 0;
			defaultConfigurationName = Release;
		};
		F054B27A275CF98700837CF7 /* Build configuration list for PBXNativeTarget "VTxtRuby" */ = {
			isa = XCConfigurationList;
			buildConfigurations = (
				F054B27B275CF98700837CF7 /* Debug */,
				F054B27C275CF98700837CF7 /* Release */,
			);
			defaultConfigurationIsVisible = 0;
			defaultConfigurationName = Release;
		};
/* End XCConfigurationList section */
	};
	rootObject = F054B263275CF98300837CF7 /* Project object */;
}
